
Microsoft Visual Studio Solution File, Format Version 12.00
# Visual Studio Version 17
VisualStudioVersion = 17.5.33627.172
MinimumVisualStudioVersion = 10.0.40219.1
Project("{FAE04EC0-301F-11D3-BF4B-00C04F79EFBC}") = "Serial Communication Tools", "Serial Communication Tools\Serial Communication Tools.csproj", "{CE1179CE-FB85-4492-A80A-94409A59DB0A}"
EndProject
Global
	GlobalSection(SolutionConfigurationPlatforms) = preSolution
		Debug|Any CPU = Debug|Any CPU
		Release|Any CPU = Release|Any CPU
	EndGlobalSection
	GlobalSection(ProjectConfigurationPlatforms) = postSolution
		{CE1179CE-FB85-4492-A80A-94409A59DB0A}.Debug|Any CPU.ActiveCfg = Debug|Any CPU
		{CE1179CE-FB85-4492-A80A-94409A59DB0A}.Debug|Any CPU.Build.0 = Debug|Any CPU
		{CE1179CE-FB85-4492-A80A-94409A59DB0A}.Release|Any CPU.ActiveCfg = Release|Any CPU
		{CE1179CE-FB85-4492-A80A-94409A59DB0A}.Release|Any CPU.Build.0 = Release|Any CPU
	EndGlobalSection
	GlobalSection(SolutionProperties) = preSolution
		HideSolutionNode = FALSE
	EndGlobalSection
	GlobalSection(ExtensibilityGlobals) = postSolution
		SolutionGuid = {1A842EFF-20EF-426E-98F7-C147C7720435}
	EndGlobalSection
EndGlobal
